
Microsoft Visual Studio Solution File, Format Version 12.00
# Visual Studio Version 16
VisualStudioVersion = 16.0.28803.352
MinimumVisualStudioVersion = 10.0.40219.1
Project("{FAE04EC0-301F-11D3-BF4B-00C04F79EFBC}") = "IdentityPractice", "IdentityPractice\IdentityPractice.csproj", "{2033E3D6-F6EA-421F-B264-69C711F534F7}"
EndProject
Global
	GlobalSection(SolutionConfigurationPlatforms) = preSolution
		Debug|Any CPU = Debug|Any CPU
		Release|Any CPU = Release|Any CPU
	EndGlobalSection
	GlobalSection(ProjectConfigurationPlatforms) = postSolution
		{2033E3D6-F6EA-421F-B264-69C711F534F7}.Debug|Any CPU.ActiveCfg = Debug|Any CPU
		{2033E3D6-F6EA-421F-B264-69C711F534F7}.Debug|Any CPU.Build.0 = Debug|Any CPU
		{2033E3D6-F6EA-421F-B264-69C711F534F7}.Release|Any CPU.ActiveCfg = Release|Any CPU
		{2033E3D6-F6EA-421F-B264-69C711F534F7}.Release|Any CPU.Build.0 = Release|Any CPU
	EndGlobalSection
	GlobalSection(SolutionProperties) = preSolution
		HideSolutionNode = FALSE
	EndGlobalSection
	GlobalSection(ExtensibilityGlobals) = postSolution
		SolutionGuid = {9B27B7A8-2763-418C-A9CD-DD8456B6C90B}
	EndGlobalSection
EndGlobal
