
Microsoft Visual Studio Solution File, Format Version 12.00
# Visual Studio Version 16
VisualStudioVersion = 16.0.28803.202
MinimumVisualStudioVersion = 10.0.40219.1
Project("{FAE04EC0-301F-11D3-BF4B-00C04F79EFBC}") = "DepartmentsAndEmployees", "DepartmentsAndEmployees\DepartmentsAndEmployees.csproj", "{AF58A2D1-4570-459E-AA86-5A3964663252}"
EndProject
Global
	GlobalSection(SolutionConfigurationPlatforms) = preSolution
		Debug|Any CPU = Debug|Any CPU
		Release|Any CPU = Release|Any CPU
	EndGlobalSection
	GlobalSection(ProjectConfigurationPlatforms) = postSolution
		{AF58A2D1-4570-459E-AA86-5A3964663252}.Debug|Any CPU.ActiveCfg = Debug|Any CPU
		{AF58A2D1-4570-459E-AA86-5A3964663252}.Debug|Any CPU.Build.0 = Debug|Any CPU
		{AF58A2D1-4570-459E-AA86-5A3964663252}.Release|Any CPU.ActiveCfg = Release|Any CPU
		{AF58A2D1-4570-459E-AA86-5A3964663252}.Release|Any CPU.Build.0 = Release|Any CPU
	EndGlobalSection
	GlobalSection(SolutionProperties) = preSolution
		HideSolutionNode = FALSE
	EndGlobalSection
	GlobalSection(ExtensibilityGlobals) = postSolution
		SolutionGuid = {C06F3974-1240-4BF8-A90E-63C5EB542E38}
	EndGlobalSection
EndGlobal
